{
  "version": "2",
  "remote": {
    "https://deno.land/std@0.186.0/_util/asserts.ts": "178dfc49a464aee693a7e285567b3d0b555dc805ff490505a8aae34f9cfb1462",
    "https://deno.land/std@0.186.0/bytes/copy.ts": "939d89e302a9761dcf1d9c937c7711174ed74c59eef40a1e4569a05c9de88219",
    "https://deno.land/std@0.186.0/collections/filter_values.ts": "5b9feaf17b9a6e5ffccdd36cf6f38fa4ffa94cff2602d381c2ad0c2a97929652",
    "https://deno.land/std@0.186.0/collections/without_all.ts": "a89f5da0b5830defed4f59666e188df411d8fece35a5f6ca69be6ca71a95c185",
    "https://deno.land/std@0.186.0/dotenv/load.ts": "0636983549b98f29ab75c9a22a42d9723f0a389ece5498fe971e7bb2556a12e2",
    "https://deno.land/std@0.186.0/dotenv/mod.ts": "f5a8123741d1561ae8184a7f043bc097b15132c5171c651142b804b6dbc21853",
    "https://deno.land/std@0.186.0/fmt/colors.ts": "d67e3cd9f472535241a8e410d33423980bec45047e343577554d3356e1f0ef4e",
    "https://deno.land/std@0.186.0/front_matter/mod.ts": "f817a339f595482cd2c98d47e8009fbc82a965247495dc4114e680ed75bcb782",
    "https://deno.land/std@0.186.0/front_matter/yaml.ts": "a681fbff79b9641379b1ceda27308b6e83ca5d26a1bcfe669cd1289fc3692ac7",
    "https://deno.land/std@0.186.0/fs/exists.ts": "29c26bca8584a22876be7cb8844f1b6c8fc35e9af514576b78f5c6884d7ed02d",
    "https://deno.land/std@0.186.0/io/buf_writer.ts": "48c33c8f00b61dcbc7958706741cec8e59810bd307bc6a326cbd474fe8346dfd",
    "https://deno.land/std@0.186.0/io/buffer.ts": "17f4410eaaa60a8a85733e8891349a619eadfbbe42e2f319283ce2b8f29723ab",
    "https://deno.land/std@0.186.0/log/handlers.ts": "38871ecbfa67b0d39dc3384210439ac9a13cba6118b912236f9011b5989b9a4d",
    "https://deno.land/std@0.186.0/log/levels.ts": "6309147664e9e008cd6671610f2505c4c95f181f6bae4816a84b33e0aec66859",
    "https://deno.land/std@0.186.0/log/logger.ts": "257ceb47e3f5f872068073de9809b015a7400e8d86dd40563c1d80169e578f71",
    "https://deno.land/std@0.186.0/log/mod.ts": "36d156ad18de3f1806c6ddafa4965129be99ccafc27f1813de528d65b6c528bf",
    "https://deno.land/std@0.186.0/types.d.ts": "dbaeb2c4d7c526db9828fc8df89d8aecf53b9ced72e0c4568f97ddd8cda616a4",
    "https://deno.land/std@0.186.0/yaml/_dumper/dumper.ts": "a2c937a53a2b0473125a31a330334cc3f30e98fd82f8143bc225583d1260890b",
    "https://deno.land/std@0.186.0/yaml/_dumper/dumper_state.ts": "f0d0673ceea288334061ca34b63954c2bb5feb5bf6de5e4cfe9a942cdf6e5efe",
    "https://deno.land/std@0.186.0/yaml/_error.ts": "b59e2c76ce5a47b1b9fa0ff9f96c1dd92ea1e1b17ce4347ece5944a95c3c1a84",
    "https://deno.land/std@0.186.0/yaml/_loader/loader.ts": "04cf748a736a9b3a29bd3d4b3c77d81489f82cfe8391627fd6ba8327e1e8cec2",
    "https://deno.land/std@0.186.0/yaml/_loader/loader_state.ts": "0841870b467169269d7c2dfa75cd288c319bc06f65edd9e42c29e5fced91c7a4",
    "https://deno.land/std@0.186.0/yaml/_mark.ts": "dcd8585dee585e024475e9f3fe27d29740670fb64ebb970388094cad0fc11d5d",
    "https://deno.land/std@0.186.0/yaml/_state.ts": "ef03d55ec235d48dcfbecc0ab3ade90bfae69a61094846e08003421c2cf5cfc6",
    "https://deno.land/std@0.186.0/yaml/_type/binary.ts": "d34d8c8d8ed521e270cfede3401c425b971af4f6c69da1e2cb32b172d42c7da7",
    "https://deno.land/std@0.186.0/yaml/_type/bool.ts": "5bfa75da84343d45347b521ba4e5aeace9fe6f53447405290d53315a3fc20e66",
    "https://deno.land/std@0.186.0/yaml/_type/float.ts": "056bd3cb9c5586238b20517511014fb24b0e36f98f9f6073e12da308b6b9808a",
    "https://deno.land/std@0.186.0/yaml/_type/function.ts": "ff574fe84a750695302864e1c31b93f12d14ada4bde79a5f93197fc33ad17471",
    "https://deno.land/std@0.186.0/yaml/_type/int.ts": "563ad074f0fa7aecf6b6c3d84135bcc95a8269dcc15de878de20ce868fd773fa",
    "https://deno.land/std@0.186.0/yaml/_type/map.ts": "7b105e4ab03a361c61e7e335a0baf4d40f06460b13920e5af3fb2783a1464000",
    "https://deno.land/std@0.186.0/yaml/_type/merge.ts": "8192bf3e4d637f32567917f48bb276043da9cf729cf594e5ec191f7cd229337e",
    "https://deno.land/std@0.186.0/yaml/_type/mod.ts": "060e2b3d38725094b77ea3a3f05fc7e671fced8e67ca18e525be98c4aa8f4bbb",
    "https://deno.land/std@0.186.0/yaml/_type/nil.ts": "606e8f0c44d73117c81abec822f89ef81e40f712258c74f186baa1af659b8887",
    "https://deno.land/std@0.186.0/yaml/_type/omap.ts": "cfe59a294726f5cea705c39a61fd2b08199cf48f4ccd6b040cb550ec0f38d0a1",
    "https://deno.land/std@0.186.0/yaml/_type/pairs.ts": "0032fdfe57558d21696a4f8cf5b5cfd1f698743177080affc18629685c905666",
    "https://deno.land/std@0.186.0/yaml/_type/regexp.ts": "1ce118de15b2da43b4bd8e4395f42d448b731acf3bdaf7c888f40789f9a95f8b",
    "https://deno.land/std@0.186.0/yaml/_type/seq.ts": "95333abeec8a7e4d967b8c8328b269e342a4bbdd2585395549b9c4f58c8533a2",
    "https://deno.land/std@0.186.0/yaml/_type/set.ts": "f28ba44e632ef2a6eb580486fd47a460445eeddbdf1dbc739c3e62486f566092",
    "https://deno.land/std@0.186.0/yaml/_type/str.ts": "a67a3c6e429d95041399e964015511779b1130ea5889fa257c48457bd3446e31",
    "https://deno.land/std@0.186.0/yaml/_type/timestamp.ts": "706ea80a76a73e48efaeb400ace087da1f927647b53ad6f754f4e06d51af087f",
    "https://deno.land/std@0.186.0/yaml/_type/undefined.ts": "94a316ca450597ccbc6750cbd79097ad0d5f3a019797eed3c841a040c29540ba",
    "https://deno.land/std@0.186.0/yaml/_utils.ts": "26b311f0d42a7ce025060bd6320a68b50e52fd24a839581eb31734cd48e20393",
    "https://deno.land/std@0.186.0/yaml/mod.ts": "28ecda6652f3e7a7735ee29c247bfbd32a2e2fc5724068e9fd173ec4e59f66f7",
    "https://deno.land/std@0.186.0/yaml/parse.ts": "1fbbda572bf3fff578b6482c0d8b85097a38de3176bf3ab2ca70c25fb0c960ef",
    "https://deno.land/std@0.186.0/yaml/schema.ts": "96908b78dc50c340074b93fc1598d5e7e2fe59103f89ff81e5a49b2dedf77a67",
    "https://deno.land/std@0.186.0/yaml/schema/core.ts": "fa406f18ceedc87a50e28bb90ec7a4c09eebb337f94ef17468349794fa828639",
    "https://deno.land/std@0.186.0/yaml/schema/default.ts": "0047e80ae8a4a93293bc4c557ae8a546aabd46bb7165b9d9b940d57b4d88bde9",
    "https://deno.land/std@0.186.0/yaml/schema/extended.ts": "0784416bf062d20a1626b53c03380e265b3e39b9409afb9f4cb7d659fd71e60d",
    "https://deno.land/std@0.186.0/yaml/schema/failsafe.ts": "d219ab5febc43f770917d8ec37735a4b1ad671149846cbdcade767832b42b92b",
    "https://deno.land/std@0.186.0/yaml/schema/json.ts": "5f41dd7c2f1ad545ef6238633ce9ee3d444dfc5a18101e1768bd5504bf90e5e5",
    "https://deno.land/std@0.186.0/yaml/schema/mod.ts": "4472e827bab5025e92bc2eb2eeefa70ecbefc64b2799b765c69af84822efef32",
    "https://deno.land/std@0.186.0/yaml/stringify.ts": "fffc09c65c68d3d63f8159e8cbaa3f489bc20a8e55b4fbb61a8c2e9f914d1d02",
    "https://deno.land/std@0.186.0/yaml/type.ts": "1aabb8e0a3f4229ce0a3526256f68826d9bdf65a36c8a3890ead8011fcba7670",
    "https://deno.land/x/emoji@0.2.1/all.json": "9beb741e050f6eaeab2e4529517a68fd55f4cde98d9a5008c5ef5537e4d2ddb5",
    "https://deno.land/x/emoji@0.2.1/emoji.ts": "59baa579fead2ea631cde96aefa03689ee2f1241ab76398965eddc5c66096047",
    "https://deno.land/x/emoji@0.2.1/mod.ts": "733bed20d9489f91fd16823bc0bff4943d995d7f1fdae6fea458b3e0927bde96",
    "https://deno.land/x/emoji@0.2.1/types.ts": "5897345f500088c719a35388c5b192bc5d93fc2c13e37d94eafa8ff3480edd17",
    "https://deno.land/x/emoji@0.2.1/unicode.ts": "ac8079e8e1da66ae9e601c1fdd0e7641120c2b07ca7bd2875e65fe23e16e6199",
    "https://deno.land/x/gfm@0.2.2/deps.ts": "41f6f25cc563925271e242ad71bfa9909b8c22a41d678bff639ee5499659f30b",
    "https://deno.land/x/gfm@0.2.2/mod.ts": "7c9f49675027270cc6e43fe5f4329b7bf11cc9e1900b8f238f1325c1b9a437a7",
    "https://deno.land/x/gfm@0.2.2/style.js": "86de9308f5d108ee0976e296260eb634c7477a11a9bebf44e6f863a5b8fb6d6d",
    "https://esm.sh/he@1.2.0": "8881ee2bcee1d4fbcff1ff9493d88d3c275129e4f1bad01183ef3697fe1f6a5e",
    "https://esm.sh/katex@0.16.4/dist/katex.mjs": "9de6db2bebfce98d5e575a625393308c93cff43821f695cf77f46ccc64ec76ce",
    "https://esm.sh/marked@4.2.12": "4cf6524a080c35c2fb7268bd8fc1ccbdda43a2758f54cd4c4cfaa9b5da1a3b05",
    "https://esm.sh/prismjs@1.29.0": "f0d0be5d4e357dd081c0eea26e0f2d475c645b4e17e228a427d1d4ac47688de7",
    "https://esm.sh/sanitize-html@2.8.1?target=esnext": "4aefb47ee4e1a031afafea93bd2c55f1a89c1116f89f449d53920134a523b877",
    "https://esm.sh/v124/@types/he@1.2.0/index.d.ts": "baaae0918f67a340020b36c4499d5e4abfc153e0f93e3263054ebc1c1a1fe3bc",
    "https://esm.sh/v124/@types/katex@0.16.0/index.d.ts": "d17f13839bd1f6bdfae4e09df4aac3ec6e99753b638af1e6e67a46c313d76f49",
    "https://esm.sh/v124/@types/marked@4.3.1/index.d.ts": "519e62e5fa3c89913bc5115ab789acffaec1b557abc50a586948ae51ba6538c3",
    "https://esm.sh/v124/@types/prismjs@1.26.0/index.d.ts": "6484309596f594ae824513336bd2a2e04a1902b06bb149fa904f5cae5fbe5c50",
    "https://esm.sh/v124/@types/sanitize-html@2.8.1/index.d.ts": "7b7cd763ba6a751e036d5a8ab4de1bd466991e8d4f096f002b8c622ac05f452a",
    "https://esm.sh/v124/base64-js@1.5.1/esnext/base64-js.mjs": "06645873bd39b537271b4c46c974b9b51a02b9feafa07937bb3a3cfaf1fb0cf6",
    "https://esm.sh/v124/buffer@6.0.3/esnext/buffer.bundle.mjs": "051dfb628ca21b767cd709d8b3aed826d4cb18a278109e43a71ea5773e998664",
    "https://esm.sh/v124/deepmerge@4.3.1/esnext/deepmerge.mjs": "426fb4ada3c99ddd720d7c28ce216d8fcb47543e3d64ead96d97b1103cc16487",
    "https://esm.sh/v124/dom-serializer@2.0.0/esnext/dom-serializer.mjs": "8f141943b3e45e120298f245ba689215ace8cd69cea71b2d0d2c703887c6b6f6",
    "https://esm.sh/v124/dom-serializer@2.0.0/lib/index.d.ts": "5db3a359bc756b7f0100defef5e9ded0db47046560f47692f5cb2001e7e7981b",
    "https://esm.sh/v124/domelementtype@2.3.0/esnext/domelementtype.mjs": "1e4dd3222620668a50040012a6b0d1582e89e7a570826a079a11226a7929e20c",
    "https://esm.sh/v124/domelementtype@2.3.0/lib/index.d.ts": "e307d69c2e131e39db6038b4bd51916c6cd787e01d730ad0c28c60491d0accf2",
    "https://esm.sh/v124/domhandler@5.0.3/esnext/domhandler.mjs": "aaf9345f0fc5b6d45113b332d308a6bd6a36dab0e445faccbc635c927db15c68",
    "https://esm.sh/v124/domhandler@5.0.3/lib/index.d.ts": "587a74d5be3d1ff7904170380e0a40e69ca29c3186e88c9f360462a920051348",
    "https://esm.sh/v124/domhandler@5.0.3/lib/node.d.ts": "43d049f414ff27c0338a1e84d13e04e4e0f203e833699111d28d5a7b97774171",
    "https://esm.sh/v124/domutils@3.1.0/esnext/domutils.mjs": "1cdd872ea38a5a42cffccdb5aeab9225d8d977cdb5f511a4c17a70eda41f50e5",
    "https://esm.sh/v124/domutils@3.1.0/lib/feeds.d.ts": "23d76dc77c5d332bd87cfd8e8fb7b552ca176eeea7385924967927dde52fbb0a",
    "https://esm.sh/v124/domutils@3.1.0/lib/helpers.d.ts": "0a32f0528b566ba81717e9906e6713cf2258ebeded52b614c9f59b0982a0195a",
    "https://esm.sh/v124/domutils@3.1.0/lib/index.d.ts": "1c891f0e1bffc4773c75e3fc0055135e51f37ca2c5a5d2a7a529775221aea30a",
    "https://esm.sh/v124/domutils@3.1.0/lib/legacy.d.ts": "a10da18315d551f1fdcfb2a23dba00bbe686846e2a856deb4455674c8e881384",
    "https://esm.sh/v124/domutils@3.1.0/lib/manipulation.d.ts": "7a4cbb9c74df82220d0c97155c91390a64ed70eebd52f7cbdeb9b656b99db6be",
    "https://esm.sh/v124/domutils@3.1.0/lib/querying.d.ts": "a392e92ffa8dfe73ec8a5a3914f5910c063167fa4cd73c679d526232ae284dd2",
    "https://esm.sh/v124/domutils@3.1.0/lib/stringify.d.ts": "e3a7ef7ba31ac3e6d58ad13adb9e2d7151c403885ecf9732cae22f251a6c78c6",
    "https://esm.sh/v124/domutils@3.1.0/lib/traversal.d.ts": "f1e68dbead8e25cbd591e77de376b86b00906f83c8e80354ab27ea9d14cf9750",
    "https://esm.sh/v124/entities@4.5.0/esnext/entities.mjs": "5e2dc6b9009c467fceb7b357ca2d43a618e039aa4163267418064f65e69e4913",
    "https://esm.sh/v124/entities@4.5.0/esnext/lib/decode.js": "a94034fcf3b2ec6828ed2911b2f42bdeeab26f38ecc759fb1881e440c6c54b92",
    "https://esm.sh/v124/escape-string-regexp@4.0.0/esnext/escape-string-regexp.mjs": "7f00803b40f74aee2522808c0cf76057a715636dd84f4f679731b0e935cd3a56",
    "https://esm.sh/v124/he@1.2.0/deno/he.mjs": "572efc9730e217ade18d6528968a86ad2c4c95ac17abfd1db0833d327a952700",
    "https://esm.sh/v124/htmlparser2@8.0.2/esnext/htmlparser2.mjs": "e95e5016ecbc62a0cdf570c62af6f4e155e8300fe3758b76c0ce20ac18bab5a0",
    "https://esm.sh/v124/htmlparser2@8.0.2/lib/Parser.d.ts": "6a80f8277a19c60ab25d2d8d89630dbfb5fbf7219c6f2b5c648c9c365ae967b5",
    "https://esm.sh/v124/htmlparser2@8.0.2/lib/Tokenizer.d.ts": "41787f4904cb436cf92cba22f574829aeb7a527138e1dd228a2084e796c11bb8",
    "https://esm.sh/v124/htmlparser2@8.0.2/lib/index.d.ts": "90330898ace4ff5468beef6aa7bfc1aa1ba8f9856c0c47744aadcaa7a8e481fa",
    "https://esm.sh/v124/ieee754@1.2.1/esnext/ieee754.mjs": "697af7a0508eafc364c7ff778310afdc7e7d7187c15f5f3a3295b541785af5b4",
    "https://esm.sh/v124/is-plain-object@5.0.0/esnext/is-plain-object.mjs": "d990fb0c3e251072728088888873225a35995aedff2e3b443b5e3c33efe1be3b",
    "https://esm.sh/v124/katex@0.16.4/deno/dist/katex.js": "27e0eedb0777ef84992de0a287c4e5d1d42c95c7973054109c42405ce78b5919",
    "https://esm.sh/v124/marked@4.2.12/deno/marked.mjs": "e4ebef7be2ae56be2c2da45913a4426006bda8715f6ae0f85f05a72ee030b792",
    "https://esm.sh/v124/nanoid@3.3.6/esnext/non-secure.js": "aef4144cd7d02917d59594dbbed43bf7f42bd3280ba5500ec7a0bba8d2e1c9f7",
    "https://esm.sh/v124/node_events.js": "507b1d9405b8384264d683e0508416c4be85498e65d32d0fcf64d6d353a30151",
    "https://esm.sh/v124/node_process.js": "138682d1c2af338932526443b7513103b898a9460d3e461ee315d3a68060342a",
    "https://esm.sh/v124/parse-srcset@1.0.2/esnext/parse-srcset.mjs": "99266fb819ffab3c5419aab0beeafbfb6e8572dac0bb33ad9a47da77af0a8224",
    "https://esm.sh/v124/picocolors@1.0.0/esnext/picocolors.mjs": "df13f83b999dcfb6c81373ff205b7ce912b8518d833754ca3b312f764d4500fb",
    "https://esm.sh/v124/postcss@8.4.23/esnext/postcss.mjs": "c6189c26dfa0e2ea49a98cf43e64916805fb0eb03933f9ba9c43b0aa8f397a10",
    "https://esm.sh/v124/prismjs@1.29.0/deno/prismjs.mjs": "83f2d67f19ae74ff9c9c29f5533f7ab8e5d9191000661024610ba73c4d07b87b",
    "https://esm.sh/v124/sanitize-html@2.8.1/esnext/sanitize-html.mjs": "462dc6c34524b8ec86a1479720812fa718c7baf296e29c5e26e10ff64fa9a1ec"
  }
}
